github.com/TokTok/go-toxcore-c v0.2.18-0.20250216202442-0f7463080d5c h1:VBvT5aurxUtlAOkUMnOqemGjM75168hnVbkTUjipwgA=
github.com/TokTok/go-toxcore-c v0.2.18-0.20250216202442-0f7463080d5c/go.mod h1:9W43AHvtIZcwN7WADUpM6Avjn2XxrvK+aMXQ8zCj3rk=
github.com/ebitengine/purego v0.10.0 h1:QIw4xfpWT6GWTzaW5XEKy3HXoqrJGx1ijYHzTF0/ISU=
github.com/ebitengine/purego v0.10.0/go.mod h1:iIjxzd6CiRiOG0UyXP+V1+jWqUXVjPKLAI0mRfJZTmQ=
github.com/envsh/toxera v0.0.0-20260514053454-c69938ccca9c h1:dL22Zk12sQCCt0WqFMVy4eeD0VTRGHLbTZQY0y2hzMk=
github.com/envsh/toxera v0.0.0-20260514053454-c69938ccca9c/go.mod h1:OmvYtW6UTQFHPVw3D7scLJmebzAAOuHGDR01MHQrT+4=
github.com/envsh/toxera v0.0.0-20260514081400-e941e770728d h1:QV0jKDNZiezEfmyLT5urj6IINV9Qn9sDbboD+ukwTi8=
github.com/envsh/toxera v0.0.0-20260514081400-e941e770728d/go.mod h1:OmvYtW6UTQFHPVw3D7scLJmebzAAOuHGDR01MHQrT+4=
github.com/envsh/toxera v0.0.0-20260514083304-5303e11a7c20 h1:dIYfQA8Biun23OGAnD1cCWDRZBxhiYQVmitjARBYGAg=
github.com/envsh/toxera v0.0.0-20260514083304-5303e11a7c20/go.mod h1:OmvYtW6UTQFHPVw3D7scLJmebzAAOuHGDR01MHQrT+4=
github.com/kitech/touse/oai v0.0.0-20260513104332-2e22e5195b77 h1:77gNEbS5bLP04+z9IYFRdO4Q2wH8J3y0E8qoNoiU0Os=
github.com/kitech/touse/oai v0.0.0-20260513104332-2e22e5195b77/go.mod h1:RndqLg//u8EawJ2O3hpk/lTCVE8F/gcFb1KGjGcTAoQ=
github.com/mattn/go-sqlite3 v1.14.44 h1:3VSe+xafpbzsLbdr2AWlAZk9yRHiBhTBakioXaCKTF8=
github.com/mattn/go-sqlite3 v1.14.44/go.mod h1:pjEuOr8IwzLJP2MfGeTb0A35jauH+C2kbHKBr7yXKVQ=
github.com/petermattis/goid v0.0.0-20240813172612-4fcff4a6cae7/go.mod h1:pxMtw7cyUw6B2bRH0ZBANSPg+AoSud1I1iyJHI69jH4=
github.com/petermattis/goid v0.0.0-20250813065127-a731cc31b4fe/go.mod h1:pxMtw7cyUw6B2bRH0ZBANSPg+AoSud1I1iyJHI69jH4=
github.com/petermattis/goid v0.0.0-20260330135022-df67b199bc81 h1:WDsQxOJDy0N1VRAjXLpi8sCEZRSGarLWQevDxpTBRrM=
github.com/petermattis/goid v0.0.0-20260330135022-df67b199bc81/go.mod h1:pxMtw7cyUw6B2bRH0ZBANSPg+AoSud1I1iyJHI69jH4=
github.com/sasha-s/go-deadlock v0.3.5/go.mod h1:bugP6EGbdGYObIlx7pUZtWqlvo8k9H6vCBBsiChJQ5U=
github.com/sasha-s/go-deadlock v0.3.9 h1:fiaT9rB7g5sr5ddNZvlwheclN9IP86eFW9WgqlEQV+w=
github.com/sasha-s/go-deadlock v0.3.9/go.mod h1:KuZj51ZFmx42q/mPaYbRk0P1xcwe697zsJKE03vD4/Y=
github.com/sashabaranov/go-openai v1.41.2 h1:vfPRBZNMpnqu8ELsclWcAvF19lDNgh1t6TVfFFOPiSM=
github.com/sashabaranov/go-openai v1.41.2/go.mod h1:lj5b/K+zjTSFxVLijLSTDZuP7adOgerWeFyZLUhAKRg=
github.com/streamrail/concurrent-map v0.0.0-20160823150647-8bf1e9bacbf6 h1:XklXvOrWxWCDX2n4vdEQWkjuIP820XD6C4kF0O0FzH4=
github.com/streamrail/concurrent-map v0.0.0-20160823150647-8bf1e9bacbf6/go.mod h1:yqDD2twFAqxvvH5gtpwwgLsj5L1kbNwtoPoDOwBzXcs=
